{
  "name": "node-react",
  "version": "1.0.0",
  "lockfileVersion": 1,
  "requires": true,
  "dependencies": {
    "sequelize-cli": {
      "version": "5.5.1",
      "resolved": "https://registry.npm.taobao.org/sequelize-cli/download/sequelize-cli-5.5.1.tgz",
      "dependencies": {
        "bluebird": {
          "version": "https://registry.npm.taobao.org/bluebird/download/bluebird-3.7.2.tgz?cache=0&sync_timestamp=1574988471783&other_urls=https%3A%2F%2Fregistry.npm.taobao.org%2Fbluebird%2Fdownload%2Fbluebird-3.7.2.tgz",
          "bundled": true
        },
        "cli-color": {
          "version": "https://registry.npm.taobao.org/cli-color/download/cli-color-1.4.0.tgz",
          "bundled": true
        },
        "fs-extra": {
          "version": "https://registry.npm.taobao.org/fs-extra/download/fs-extra-7.0.1.tgz?cache=0&other_urls=https%3A%2F%2Fregistry.npm.taobao.org%2Ffs-extra%2Fdownload%2Ffs-extra-7.0.1.tgz",
          "bundled": true
        },
        "js-beautify": {
          "version": "https://registry.npm.taobao.org/js-beautify/download/js-beautify-1.10.3.tgz",
          "bundled": true,
          "dependencies": {
            "config-chain": {
              "version": "https://registry.npm.taobao.org/config-chain/download/config-chain-1.1.12.tgz",
              "bundled": true
            },
            "editorconfig": {
              "version": "https://registry.npm.taobao.org/editorconfig/download/editorconfig-0.15.3.tgz",
              "bundled": true
            },
            "glob": {
              "version": "https://registry.npm.taobao.org/glob/download/glob-7.1.6.tgz",
              "bundled": true,
              "dependencies": {
                "fs.realpath": {
                  "version": "https://registry.npm.taobao.org/fs.realpath/download/fs.realpath-1.0.0.tgz"
                },
                "inflight": {
                  "version": "https://registry.npm.taobao.org/inflight/download/inflight-1.0.6.tgz"
                },
                "inherits": {
                  "version": "https://registry.npm.taobao.org/inherits/download/inherits-2.0.4.tgz?cache=0&sync_timestamp=1560975547815&other_urls=https%3A%2F%2Fregistry.npm.taobao.org%2Finherits%2Fdownload%2Finherits-2.0.4.tgz"
                },
                "minimatch": {
                  "version": "https://registry.npm.taobao.org/minimatch/download/minimatch-3.0.4.tgz",
                  "dependencies": {
                    "brace-expansion": {
                      "version": "https://registry.npm.taobao.org/brace-expansion/download/brace-expansion-1.1.11.tgz",
                      "bundled": true
                    }
                  }
                },
                "once": {
                  "version": "https://registry.npm.taobao.org/once/download/once-1.4.0.tgz",
                  "dependencies": {
                    "wrappy": {
                      "version": "https://registry.npm.taobao.org/wrappy/download/wrappy-1.0.2.tgz"
                    }
                  }
                },
                "path-is-absolute": {
                  "version": "https://registry.npm.taobao.org/path-is-absolute/download/path-is-absolute-1.0.1.tgz"
                }
              }
            },
            "mkdirp": {
              "version": "https://registry.npm.taobao.org/mkdirp/download/mkdirp-0.5.1.tgz",
              "bundled": true
            },
            "nopt": {
              "version": "https://registry.npm.taobao.org/nopt/download/nopt-4.0.1.tgz",
              "bundled": true
            }
          }
        },
        "lodash": {
          "version": "https://registry.npm.taobao.org/lodash/download/lodash-4.17.15.tgz?cache=0&sync_timestamp=1577793955950&other_urls=https%3A%2F%2Fregistry.npm.taobao.org%2Flodash%2Fdownload%2Flodash-4.17.15.tgz",
          "bundled": true
        },
        "resolve": {
          "version": "https://registry.npm.taobao.org/resolve/download/resolve-1.15.0.tgz?cache=0&sync_timestamp=1579710148073&other_urls=https%3A%2F%2Fregistry.npm.taobao.org%2Fresolve%2Fdownload%2Fresolve-1.15.0.tgz",
          "bundled": true
        },
        "umzug": {
          "version": "https://registry.npm.taobao.org/umzug/download/umzug-2.2.0.tgz",
          "bundled": true
        },
        "yargs": {
          "version": "https://registry.npm.taobao.org/yargs/download/yargs-13.3.0.tgz?cache=0&sync_timestamp=1577940993299&other_urls=https%3A%2F%2Fregistry.npm.taobao.org%2Fyargs%2Fdownload%2Fyargs-13.3.0.tgz",
          "bundled": true
        }
      }
    }
  }
}
